// !$*UTF8*$!
{
	archiveVersion = 1;
	classes = {
	};
	objectVersion = 56;
	objects = {

/* Begin PBXBuildFile section */
		AA201001 /* BuddyApp.swift in Sources */ = {isa = PBXBuildFile; fileRef = AA101001 /* BuddyApp.swift */; };
		AA201002 /* ContentView.swift in Sources */ = {isa = PBXBuildFile; fileRef = AA101002 /* ContentView.swift */; };
		AA201003 /* Pet.swift in Sources */ = {isa = PBXBuildFile; fileRef = AA101003 /* Pet.swift */; };
		AA201004 /* FoodItem.swift in Sources */ = {isa = PBXBuildFile; fileRef = AA101004 /* FoodItem.swift */; };
		AA201005 /* BeetleGame.swift in Sources */ = {isa = PBXBuildFile; fileRef = AA101005 /* BeetleGame.swift */; };
		AA201006 /* PetViewModel.swift in Sources */ = {isa = PBXBuildFile; fileRef = AA101006 /* PetViewModel.swift */; };
		AA201007 /* HomeView.swift in Sources */ = {isa = PBXBuildFile; fileRef = AA101007 /* HomeView.swift */; };
		AA201008 /* FeedView.swift in Sources */ = {isa = PBXBuildFile; fileRef = AA101008 /* FeedView.swift */; };
		AA201009 /* ShopView.swift in Sources */ = {isa = PBXBuildFile; fileRef = AA101009 /* ShopView.swift */; };
		AA201010 /* StatsView.swift in Sources */ = {isa = PBXBuildFile; fileRef = AA101010 /* StatsView.swift */; };
		AA201011 /* MiniGamesView.swift in Sources */ = {isa = PBXBuildFile; fileRef = AA101011 /* MiniGamesView.swift */; };
		AA201012 /* BeetleFarmView.swift in Sources */ = {isa = PBXBuildFile; fileRef = AA101012 /* BeetleFarmView.swift */; };
		AA201013 /* TapRushView.swift in Sources */ = {isa = PBXBuildFile; fileRef = AA101013 /* TapRushView.swift */; };
		AA201014 /* OnboardingView.swift in Sources */ = {isa = PBXBuildFile; fileRef = AA101014 /* OnboardingView.swift */; };
		AA201016 /* PedometerManager.swift in Sources */ = {isa = PBXBuildFile; fileRef = AA101016 /* PedometerManager.swift */; };
		AA201017 /* Beetle.swift in Sources */ = {isa = PBXBuildFile; fileRef = AA101017 /* Beetle.swift */; };
		AA201015 /* BuddyCharacterView.swift in Sources */ = {isa = PBXBuildFile; fileRef = AA101015 /* BuddyCharacterView.swift */; };
		AA202001 /* Assets.xcassets in Resources */ = {isa = PBXBuildFile; fileRef = AA102001 /* Assets.xcassets */; };
/* End PBXBuildFile section */

/* Begin PBXFileReference section */
		AA101001 /* BuddyApp.swift */ = {isa = PBXFileReference; lastKnownFileType = sourcecode.swift; path = BuddyApp.swift; sourceTree = "<group>"; };
		AA101002 /* ContentView.swift */ = {isa = PBXFileReference; lastKnownFileType = sourcecode.swift; path = ContentView.swift; sourceTree = "<group>"; };
		AA101003 /* Pet.swift */ = {isa = PBXFileReference; lastKnownFileType = sourcecode.swift; path = Pet.swift; sourceTree = "<group>"; };
		AA101004 /* FoodItem.swift */ = {isa = PBXFileReference; lastKnownFileType = sourcecode.swift; path = FoodItem.swift; sourceTree = "<group>"; };
		AA101005 /* BeetleGame.swift */ = {isa = PBXFileReference; lastKnownFileType = sourcecode.swift; path = BeetleGame.swift; sourceTree = "<group>"; };
		AA101016 /* PedometerManager.swift */ = {isa = PBXFileReference; lastKnownFileType = sourcecode.swift; path = PedometerManager.swift; sourceTree = "<group>"; };
		AA101017 /* Beetle.swift */ = {isa = PBXFileReference; lastKnownFileType = sourcecode.swift; path = Beetle.swift; sourceTree = "<group>"; };
		AA101006 /* PetViewModel.swift */ = {isa = PBXFileReference; lastKnownFileType = sourcecode.swift; path = PetViewModel.swift; sourceTree = "<group>"; };
		AA101007 /* HomeView.swift */ = {isa = PBXFileReference; lastKnownFileType = sourcecode.swift; path = HomeView.swift; sourceTree = "<group>"; };
		AA101008 /* FeedView.swift */ = {isa = PBXFileReference; lastKnownFileType = sourcecode.swift; path = FeedView.swift; sourceTree = "<group>"; };
		AA101009 /* ShopView.swift */ = {isa = PBXFileReference; lastKnownFileType = sourcecode.swift; path = ShopView.swift; sourceTree = "<group>"; };
		AA101010 /* StatsView.swift */ = {isa = PBXFileReference; lastKnownFileType = sourcecode.swift; path = StatsView.swift; sourceTree = "<group>"; };
		AA101011 /* MiniGamesView.swift */ = {isa = PBXFileReference; lastKnownFileType = sourcecode.swift; path = MiniGamesView.swift; sourceTree = "<group>"; };
		AA101012 /* BeetleFarmView.swift */ = {isa = PBXFileReference; lastKnownFileType = sourcecode.swift; path = BeetleFarmView.swift; sourceTree = "<group>"; };
		AA101013 /* TapRushView.swift */ = {isa = PBXFileReference; lastKnownFileType = sourcecode.swift; path = TapRushView.swift; sourceTree = "<group>"; };
		AA101014 /* OnboardingView.swift */ = {isa = PBXFileReference; lastKnownFileType = sourcecode.swift; path = OnboardingView.swift; sourceTree = "<group>"; };
		AA101015 /* BuddyCharacterView.swift */ = {isa = PBXFileReference; lastKnownFileType = sourcecode.swift; path = BuddyCharacterView.swift; sourceTree = "<group>"; };
		AA102001 /* Assets.xcassets */ = {isa = PBXFileReference; lastKnownFileType = folder.assetcatalog; path = Assets.xcassets; sourceTree = "<group>"; };
		AA104001 /* Buddy.app */ = {isa = PBXFileReference; explicitFileType = wrapper.application; includeInIndex = 0; path = Buddy.app; sourceTree = BUILT_PRODUCTS_DIR; };
/* End PBXFileReference section */

/* Begin PBXFrameworksBuildPhase section */
		AA301001 /* Frameworks */ = {
			isa = PBXFrameworksBuildPhase;
			buildActionMask = 2147483647;
			files = (
			);
			runOnlyForDeploymentPostprocessing = 0;
		};
/* End PBXFrameworksBuildPhase section */

/* Begin PBXGroup section */
		AA401001 /* Products */ = {
			isa = PBXGroup;
			children = (
				AA104001 /* Buddy.app */,
			);
			name = Products;
			sourceTree = "<group>";
		};
		AA401002 /* Buddy */ = {
			isa = PBXGroup;
			children = (
				AA101001 /* BuddyApp.swift */,
				AA101002 /* ContentView.swift */,
				AA401003 /* Models */,
				AA401004 /* ViewModels */,
				AA401005 /* Views */,
				AA102001 /* Assets.xcassets */,
			);
			path = Buddy;
			sourceTree = "<group>";
		};
		AA401003 /* Models */ = {
			isa = PBXGroup;
			children = (
				AA101003 /* Pet.swift */,
				AA101004 /* FoodItem.swift */,
				AA101016 /* PedometerManager.swift */,
				AA101017 /* Beetle.swift */,
				AA101005 /* BeetleGame.swift */,
			);
			path = Models;
			sourceTree = "<group>";
		};
		AA401004 /* ViewModels */ = {
			isa = PBXGroup;
			children = (
				AA101006 /* PetViewModel.swift */,
			);
			path = ViewModels;
			sourceTree = "<group>";
		};
		AA401005 /* Views */ = {
			isa = PBXGroup;
			children = (
				AA101007 /* HomeView.swift */,
				AA101008 /* FeedView.swift */,
				AA101009 /* ShopView.swift */,
				AA101010 /* StatsView.swift */,
				AA101011 /* MiniGamesView.swift */,
				AA101014 /* OnboardingView.swift */,
				AA101015 /* BuddyCharacterView.swift */,
				AA401006 /* Games */,
			);
			path = Views;
			sourceTree = "<group>";
		};
		AA401006 /* Games */ = {
			isa = PBXGroup;
			children = (
				AA101012 /* BeetleFarmView.swift */,
				AA101013 /* TapRushView.swift */,
			);
			path = Games;
			sourceTree = "<group>";
		};
		AA400000 /* root */ = {
			isa = PBXGroup;
			children = (
				AA401002 /* Buddy */,
				AA401001 /* Products */,
			);
			sourceTree = "<group>";
		};
/* End PBXGroup section */

/* Begin PBXNativeTarget section */
		AA501001 /* Buddy */ = {
			isa = PBXNativeTarget;
			buildConfigurationList = AA601002 /* Build configuration list for PBXNativeTarget "Buddy" */;
			buildPhases = (
				AA301002 /* Sources */,
				AA301001 /* Frameworks */,
				AA301003 /* Resources */,
			);
			buildRules = (
			);
			dependencies = (
			);
			name = Buddy;
			productName = Buddy;
			productReference = AA104001 /* Buddy.app */;
			productType = "com.apple.product-type.application";
		};
/* End PBXNativeTarget section */

/* Begin PBXProject section */
		AA700001 /* Project object */ = {
			isa = PBXProject;
			attributes = {
				BuildIndependentTargetsInParallel = 1;
				LastSwiftUpdateCheck = 1500;
				LastUpgradeCheck = 1500;
				TargetAttributes = {
					AA501001 = {
						CreatedOnToolsVersion = 15.0;
					};
				};
			};
			buildConfigurationList = AA601001 /* Build configuration list for PBXProject "Buddy" */;
			compatibilityVersion = "Xcode 14.0";
			developmentRegion = en;
			hasScannedForEncodings = 0;
			knownRegions = (
				en,
				Base,
			);
			mainGroup = AA400000;
			productRefGroup = AA401001 /* Products */;
			projectDirPath = "";
			projectRoot = "";
			targets = (
				AA501001 /* Buddy */,
			);
		};
/* End PBXProject section */

/* Begin PBXResourcesBuildPhase section */
		AA301003 /* Resources */ = {
			isa = PBXResourcesBuildPhase;
			buildActionMask = 2147483647;
			files = (
				AA202001 /* Assets.xcassets in Resources */,
			);
			runOnlyForDeploymentPostprocessing = 0;
		};
/* End PBXResourcesBuildPhase section */

/* Begin PBXSourcesBuildPhase section */
		AA301002 /* Sources */ = {
			isa = PBXSourcesBuildPhase;
			buildActionMask = 2147483647;
			files = (
				AA201001 /* BuddyApp.swift in Sources */,
				AA201002 /* ContentView.swift in Sources */,
				AA201003 /* Pet.swift in Sources */,
				AA201004 /* FoodItem.swift in Sources */,
				AA201005 /* BeetleGame.swift in Sources */,
				AA201006 /* PetViewModel.swift in Sources */,
				AA201007 /* HomeView.swift in Sources */,
				AA201008 /* FeedView.swift in Sources */,
				AA201009 /* ShopView.swift in Sources */,
				AA201010 /* StatsView.swift in Sources */,
				AA201011 /* MiniGamesView.swift in Sources */,
				AA201012 /* BeetleFarmView.swift in Sources */,
				AA201013 /* TapRushView.swift in Sources */,
				AA201014 /* OnboardingView.swift in Sources */,
				AA201015 /* BuddyCharacterView.swift in Sources */,
				AA201016 /* PedometerManager.swift in Sources */,
				AA201017 /* Beetle.swift in Sources */,
			);
			runOnlyForDeploymentPostprocessing = 0;
		};
/* End PBXSourcesBuildPhase section */

/* Begin XCBuildConfiguration section */
		AA801001 /* Debug */ = {
			isa = XCBuildConfiguration;
			buildSettings = {
				ALWAYS_SEARCH_USER_PATHS = NO;
				ASSETCATALOG_COMPILER_GENERATE_SWIFT_ASSET_SYMBOL_EXTENSIONS = YES;
				CLANG_ANALYZER_NONNULL = YES;
				CLANG_ANALYZER_NUMBER_OBJECT_CONVERSION = YES_AGGRESSIVE;
				CLANG_CXX_LANGUAGE_STANDARD = "gnu++20";
				CLANG_ENABLE_MODULES = YES;
				CLANG_ENABLE_OBJC_ARC = YES;
				CLANG_ENABLE_OBJC_WEAK = YES;
				CLANG_WARN_BLOCK_CAPTURE_AUTORELEASING = YES;
				CLANG_WARN_BOOL_CONVERSION = YES;
				CLANG_WARN_COMMA = YES;
				CLANG_WARN_CONSTANT_CONVERSION = YES;
				CLANG_WARN_DEPRECATED_OBJC_IMPLEMENTATIONS = YES;
				CLANG_WARN_DIRECT_OBJC_ISA_USAGE = YES_ERROR;
				CLANG_WARN_DOCUMENTATION_COMMENTS = YES;
				CLANG_WARN_EMPTY_BODY = YES;
				CLANG_WARN_ENUM_CONVERSION = YES;
				CLANG_WARN_INFINITE_RECURSION = YES;
				CLANG_WARN_INT_CONVERSION = YES;
				CLANG_WARN_NON_LITERAL_NULL_CONVERSION = YES;
				CLANG_WARN_OBJC_IMPLICIT_RETAIN_CYCLE = YES;
				CLANG_WARN_OBJC_LITERAL_CONVERSION = YES;
				CLANG_WARN_OBJC_ROOT_CLASS = YES_ERROR;
				CLANG_WARN_QUOTED_INCLUDE_IN_FRAMEWORK_HEADER = YES;
				CLANG_WARN_RANGE_LOOP_ANALYSIS = YES;
				CLANG_WARN_STRICT_PROTOTYPES = YES;
				CLANG_WARN_SUSPICIOUS_MOVE = YES;
				CLANG_WARN_UNGUARDED_AVAILABILITY = YES_AGGRESSIVE;
				CLANG_WARN_UNREACHABLE_CODE = YES;
				CLANG_WARN__DUPLICATE_METHOD_MATCH = YES;
				COPY_PHASE_STRIP = NO;
				DEBUG_INFORMATION_FORMAT = dwarf;
				ENABLE_STRICT_OBJC_MSGSEND = YES;
				ENABLE_TESTABILITY = YES;
				ENABLE_USER_SCRIPT_SANDBOXING = YES;
				GCC_C_LANGUAGE_STANDARD = gnu17;
				GCC_DYNAMIC_NO_PIC = NO;
				GCC_NO_COMMON_BLOCKS = YES;
				GCC_OPTIMIZATION_LEVEL = 0;
				GCC_PREPROCESSOR_DEFINITIONS = (
					"DEBUG=1",
					"$(inherited)",
				);
				GCC_WARN_64_TO_32_BIT_CONVERSION = YES;
				GCC_WARN_ABOUT_RETURN_TYPE = YES_ERROR;
				GCC_WARN_UNDECLARED_SELECTOR = YES;
				GCC_WARN_UNINITIALIZED_AUTOS = YES_AGGRESSIVE;
				GCC_WARN_UNUSED_FUNCTION = YES;
				GCC_WARN_UNUSED_VARIABLE = YES;
				IPHONEOS_DEPLOYMENT_TARGET = 16.0;
				MTL_ENABLE_DEBUG_INFO = INCLUDE_SOURCE;
				MTL_FAST_MATH = YES;
				ONLY_ACTIVE_ARCH = YES;
				SDKROOT = iphoneos;
				SWIFT_ACTIVE_COMPILATION_CONDITIONS = DEBUG;
				SWIFT_OPTIMIZATION_LEVEL = "-Onone";
			};
			name = Debug;
		};
		AA801002 /* Release */ = {
			isa = XCBuildConfiguration;
			buildSettings = {
				ALWAYS_SEARCH_USER_PATHS = NO;
				ASSETCATALOG_COMPILER_GENERATE_SWIFT_ASSET_SYMBOL_EXTENSIONS = YES;
				CLANG_ANALYZER_NONNULL = YES;
				CLANG_ANALYZER_NUMBER_OBJECT_CONVERSION = YES_AGGRESSIVE;
				CLANG_CXX_LANGUAGE_STANDARD = "gnu++20";
				CLANG_ENABLE_MODULES = YES;
				CLANG_ENABLE_OBJC_ARC = YES;
				CLANG_ENABLE_OBJC_WEAK = YES;
				CLANG_WARN_BLOCK_CAPTURE_AUTORELEASING = YES;
				CLANG_WARN_BOOL_CONVERSION = YES;
				CLANG_WARN_COMMA = YES;
				CLANG_WARN_CONSTANT_CONVERSION = YES;
				CLANG_WARN_DEPRECATED_OBJC_IMPLEMENTATIONS = YES;
				CLANG_WARN_DIRECT_OBJC_ISA_USAGE = YES_ERROR;
				CLANG_WARN_DOCUMENTATION_COMMENTS = YES;
				CLANG_WARN_EMPTY_BODY = YES;
				CLANG_WARN_ENUM_CONVERSION = YES;
				CLANG_WARN_INFINITE_RECURSION = YES;
				CLANG_WARN_INT_CONVERSION = YES;
				CLANG_WARN_NON_LITERAL_NULL_CONVERSION = YES;
				CLANG_WARN_OBJC_IMPLICIT_RETAIN_CYCLE = YES;
				CLANG_WARN_OBJC_LITERAL_CONVERSION = YES;
				CLANG_WARN_OBJC_ROOT_CLASS = YES_ERROR;
				CLANG_WARN_QUOTED_INCLUDE_IN_FRAMEWORK_HEADER = YES;
				CLANG_WARN_RANGE_LOOP_ANALYSIS = YES;
				CLANG_WARN_STRICT_PROTOTYPES = YES;
				CLANG_WARN_SUSPICIOUS_MOVE = YES;
				CLANG_WARN_UNGUARDED_AVAILABILITY = YES_AGGRESSIVE;
				CLANG_WARN_UNREACHABLE_CODE = YES;
				CLANG_WARN__DUPLICATE_METHOD_MATCH = YES;
				COPY_PHASE_STRIP = NO;
				DEBUG_INFORMATION_FORMAT = "dwarf-with-dsym";
				ENABLE_NS_ASSERTIONS = NO;
				ENABLE_STRICT_OBJC_MSGSEND = YES;
				ENABLE_USER_SCRIPT_SANDBOXING = YES;
				GCC_C_LANGUAGE_STANDARD = gnu17;
				GCC_NO_COMMON_BLOCKS = YES;
				GCC_WARN_64_TO_32_BIT_CONVERSION = YES;
				GCC_WARN_ABOUT_RETURN_TYPE = YES_ERROR;
				GCC_WARN_UNDECLARED_SELECTOR = YES;
				GCC_WARN_UNINITIALIZED_AUTOS = YES_AGGRESSIVE;
				GCC_WARN_UNUSED_FUNCTION = YES;
				GCC_WARN_UNUSED_VARIABLE = YES;
				IPHONEOS_DEPLOYMENT_TARGET = 16.0;
				MTL_FAST_MATH = YES;
				SDKROOT = iphoneos;
				SWIFT_COMPILATION_MODE = wholemodule;
				SWIFT_OPTIMIZATION_LEVEL = "-O";
				VALIDATE_PRODUCT = YES;
			};
			name = Release;
		};
		AA801003 /* Debug */ = {
			isa = XCBuildConfiguration;
			buildSettings = {
				ASSETCATALOG_COMPILER_APPICON_NAME = AppIcon;
				ASSETCATALOG_COMPILER_GLOBAL_ACCENT_COLOR_NAME = AccentColor;
				CODE_SIGN_STYLE = Automatic;
				CURRENT_PROJECT_VERSION = 1;
				DEVELOPMENT_ASSET_PATHS = "";
				ENABLE_PREVIEWS = YES;
				GENERATE_INFOPLIST_FILE = YES;
				INFOPLIST_KEY_UIApplicationSceneManifest_Generation = YES;
				INFOPLIST_KEY_UIApplicationSupportsIndirectInputEvents = YES;
				INFOPLIST_KEY_NSMotionUsageDescription = "Buddy uses motion data to track your walking distance for egg hatching.";
				INFOPLIST_KEY_UILaunchScreen_Generation = YES;
				INFOPLIST_KEY_UISupportedInterfaceOrientations_iPhone = "UIInterfaceOrientationPortrait UIInterfaceOrientationPortraitUpsideDown";
				IPHONEOS_DEPLOYMENT_TARGET = 16.0;
				LD_RUNPATH_SEARCH_PATHS = (
					"$(inherited)",
					"@executable_path/Frameworks",
				);
				MARKETING_VERSION = 1.0;
				PRODUCT_BUNDLE_IDENTIFIER = com.buddy.app;
				PRODUCT_NAME = "$(TARGET_NAME)";
				SDKROOT = iphoneos;
				SUPPORTED_PLATFORMS = "iphoneos iphonesimulator";
				SWIFT_EMIT_LOC_STRINGS = YES;
				SWIFT_VERSION = 5.0;
				TARGETED_DEVICE_FAMILY = "1,2";
			};
			name = Debug;
		};
		AA801004 /* Release */ = {
			isa = XCBuildConfiguration;
			buildSettings = {
				ASSETCATALOG_COMPILER_APPICON_NAME = AppIcon;
				ASSETCATALOG_COMPILER_GLOBAL_ACCENT_COLOR_NAME = AccentColor;
				CODE_SIGN_STYLE = Automatic;
				CURRENT_PROJECT_VERSION = 1;
				DEVELOPMENT_ASSET_PATHS = "";
				ENABLE_PREVIEWS = YES;
				GENERATE_INFOPLIST_FILE = YES;
				INFOPLIST_KEY_UIApplicationSceneManifest_Generation = YES;
				INFOPLIST_KEY_NSMotionUsageDescription = "Buddy uses motion data to track your walking distance for egg hatching.";
				INFOPLIST_KEY_UIApplicationSupportsIndirectInputEvents = YES;
				INFOPLIST_KEY_UILaunchScreen_Generation = YES;
				INFOPLIST_KEY_UISupportedInterfaceOrientations_iPhone = "UIInterfaceOrientationPortrait UIInterfaceOrientationPortraitUpsideDown";
				IPHONEOS_DEPLOYMENT_TARGET = 16.0;
				LD_RUNPATH_SEARCH_PATHS = (
					"$(inherited)",
					"@executable_path/Frameworks",
				);
				MARKETING_VERSION = 1.0;
				PRODUCT_BUNDLE_IDENTIFIER = com.buddy.app;
				PRODUCT_NAME = "$(TARGET_NAME)";
				SDKROOT = iphoneos;
				SUPPORTED_PLATFORMS = "iphoneos iphonesimulator";
				SWIFT_EMIT_LOC_STRINGS = YES;
				SWIFT_VERSION = 5.0;
				TARGETED_DEVICE_FAMILY = "1,2";
			};
			name = Release;
		};
/* End XCBuildConfiguration section */

/* Begin XCConfigurationList section */
		AA601001 /* Build configuration list for PBXProject "Buddy" */ = {
			isa = XCConfigurationList;
			buildConfigurations = (
				AA801001 /* Debug */,
				AA801002 /* Release */,
			);
			defaultConfigurationIsVisible = 0;
			defaultConfigurationName = Release;
		};
		AA601002 /* Build configuration list for PBXNativeTarget "Buddy" */ = {
			isa = XCConfigurationList;
			buildConfigurations = (
				AA801003 /* Debug */,
				AA801004 /* Release */,
			);
			defaultConfigurationIsVisible = 0;
			defaultConfigurationName = Release;
		};
/* End XCConfigurationList section */

	};
	rootObject = AA700001 /* Project object */;
}
